
Microsoft Visual Studio Solution File, Format Version 12.00
# Visual Studio Version 17
VisualStudioVersion = 17.3.32901.215
MinimumVisualStudioVersion = 10.0.40219.1
Project("{FAE04EC0-301F-11D3-BF4B-00C04F79EFBC}") = "Stay on Track", "Stay on Track\Stay on Track.csproj", "{394A778D-CEB3-4BFC-9459-15FCDB402D34}"
EndProject
Global
	GlobalSection(SolutionConfigurationPlatforms) = preSolution
		Debug|Any CPU = Debug|Any CPU
		Release|Any CPU = Release|Any CPU
	EndGlobalSection
	GlobalSection(ProjectConfigurationPlatforms) = postSolution
		{394A778D-CEB3-4BFC-9459-15FCDB402D34}.Debug|Any CPU.ActiveCfg = Debug|Any CPU
		{394A778D-CEB3-4BFC-9459-15FCDB402D34}.Debug|Any CPU.Build.0 = Debug|Any CPU
		{394A778D-CEB3-4BFC-9459-15FCDB402D34}.Release|Any CPU.ActiveCfg = Release|Any CPU
		{394A778D-CEB3-4BFC-9459-15FCDB402D34}.Release|Any CPU.Build.0 = Release|Any CPU
	EndGlobalSection
	GlobalSection(SolutionProperties) = preSolution
		HideSolutionNode = FALSE
	EndGlobalSection
	GlobalSection(ExtensibilityGlobals) = postSolution
		SolutionGuid = {90B184B8-9EAE-4981-AC92-0152FEA3C94C}
	EndGlobalSection
EndGlobal
